// !$*UTF8*$!
{
	archiveVersion = 1;
	classes = {
	};
	objectVersion = 46;
	objects = {

/* Begin PBXBuildFile section */
		B80503781D0D07B900C392D0 /* CliPopView.m in Sources */ = {isa = PBXBuildFile; fileRef = B80503771D0D07B900C392D0 /* CliPopView.m */; };
		B827B59B1D06B5CA0078A872 /* main.m in Sources */ = {isa = PBXBuildFile; fileRef = B827B59A1D06B5CA0078A872 /* main.m */; };
		B827B59E1D06B5CA0078A872 /* AppDelegate.m in Sources */ = {isa = PBXBuildFile; fileRef = B827B59D1D06B5CA0078A872 /* AppDelegate.m */; };
		B827B5A11D06B5CA0078A872 /* ViewController.m in Sources */ = {isa = PBXBuildFile; fileRef = B827B5A01D06B5CA0078A872 /* ViewController.m */; };
		B827B5A41D06B5CA0078A872 /* Main.storyboard in Resources */ = {isa = PBXBuildFile; fileRef = B827B5A21D06B5CA0078A872 /* Main.storyboard */; };
		B827B5A61D06B5CA0078A872 /* Assets.xcassets in Resources */ = {isa = PBXBuildFile; fileRef = B827B5A51D06B5CA0078A872 /* Assets.xcassets */; };
		B827B5A91D06B5CA0078A872 /* LaunchScreen.storyboard in Resources */ = {isa = PBXBuildFile; fileRef = B827B5A71D06B5CA0078A872 /* LaunchScreen.storyboard */; };
		B827B5B41D06B5CA0078A872 /* CliCountdownViewTests.m in Sources */ = {isa = PBXBuildFile; fileRef = B827B5B31D06B5CA0078A872 /* CliCountdownViewTests.m */; };
		B827B5BF1D06B5CA0078A872 /* CliCountdownViewUITests.m in Sources */ = {isa = PBXBuildFile; fileRef = B827B5BE1D06B5CA0078A872 /* CliCountdownViewUITests.m */; };
		B827B5D01D06C1B90078A872 /* 1.png in Resources */ = {isa = PBXBuildFile; fileRef = B827B5CF1D06C1B90078A872 /* 1.png */; };
		B827B5D31D06C73B0078A872 /* CliCountdownProgress.m in Sources */ = {isa = PBXBuildFile; fileRef = B827B5D21D06C73B0078A872 /* CliCountdownProgress.m */; };
		B827B5DF1D07C2020078A872 /* CliLabel.m in Sources */ = {isa = PBXBuildFile; fileRef = B827B5DE1D07C2020078A872 /* CliLabel.m */; };
/* End PBXBuildFile section */

/* Begin PBXContainerItemProxy section */
		B827B5B01D06B5CA0078A872 /* PBXContainerItemProxy */ = {
			isa = PBXContainerItemProxy;
			containerPortal = B827B58E1D06B5C90078A872 /* Project object */;
			proxyType = 1;
			remoteGlobalIDString = B827B5951D06B5C90078A872;
			remoteInfo = CliCountdownView;
		};
		B827B5BB1D06B5CA0078A872 /* PBXContainerItemProxy */ = {
			isa = PBXContainerItemProxy;
			containerPortal = B827B58E1D06B5C90078A872 /* Project object */;
			proxyType = 1;
			remoteGlobalIDString = B827B5951D06B5C90078A872;
			remoteInfo = CliCountdownView;
		};
/* End PBXContainerItemProxy section */

/* Begin PBXFileReference section */
		B80503761D0D07B900C392D0 /* CliPopView.h */ = {isa = PBXFileReference; fileEncoding = 4; lastKnownFileType = sourcecode.c.h; path = CliPopView.h; sourceTree = "<group>"; };
		B80503771D0D07B900C392D0 /* CliPopView.m */ = {isa = PBXFileReference; fileEncoding = 4; lastKnownFileType = sourcecode.c.objc; path = CliPopView.m; sourceTree = "<group>"; };
		B827B5961D06B5C90078A872 /* CliCountdownView.app */ = {isa = PBXFileReference; explicitFileType = wrapper.application; includeInIndex = 0; path = CliCountdownView.app; sourceTree = BUILT_PRODUCTS_DIR; };
		B827B59A1D06B5CA0078A872 /* main.m */ = {isa = PBXFileReference; lastKnownFileType = sourcecode.c.objc; path = main.m; sourceTree = "<group>"; };
		B827B59C1D06B5CA0078A872 /* AppDelegate.h */ = {isa = PBXFileReference; lastKnownFileType = sourcecode.c.h; path = AppDelegate.h; sourceTree = "<group>"; };
		B827B59D1D06B5CA0078A872 /* AppDelegate.m */ = {isa = PBXFileReference; lastKnownFileType = sourcecode.c.objc; path = AppDelegate.m; sourceTree = "<group>"; };
		B827B59F1D06B5CA0078A872 /* ViewController.h */ = {isa = PBXFileReference; lastKnownFileType = sourcecode.c.h; path = ViewController.h; sourceTree = "<group>"; };
		B827B5A01D06B5CA0078A872 /* ViewController.m */ = {isa = PBXFileReference; lastKnownFileType = sourcecode.c.objc; path = ViewController.m; sourceTree = "<group>"; };
		B827B5A31D06B5CA0078A872 /* Base */ = {isa = PBXFileReference; lastKnownFileType = file.storyboard; name = Base; path = Base.lproj/Main.storyboard; sourceTree = "<group>"; };
		B827B5A51D06B5CA0078A872 /* Assets.xcassets */ = {isa = PBXFileReference; lastKnownFileType = folder.assetcatalog; path = Assets.xcassets; sourceTree = "<group>"; };
		B827B5A81D06B5CA0078A872 /* Base */ = {isa = PBXFileReference; lastKnownFileType = file.storyboard; name = Base; path = Base.lproj/LaunchScreen.storyboard; sourceTree = "<group>"; };
		B827B5AA1D06B5CA0078A872 /* Info.plist */ = {isa = PBXFileReference; lastKnownFileType = text.plist.xml; path = Info.plist; sourceTree = "<group>"; };
		B827B5AF1D06B5CA0078A872 /* CliCountdownViewTests.xctest */ = {isa = PBXFileReference; explicitFileType = wrapper.cfbundle; includeInIndex = 0; path = CliCountdownViewTests.xctest; sourceTree = BUILT_PRODUCTS_DIR; };
		B827B5B31D06B5CA0078A872 /* CliCountdownViewTests.m */ = {isa = PBXFileReference; lastKnownFileType = sourcecode.c.objc; path = CliCountdownViewTests.m; sourceTree = "<group>"; };
		B827B5B51D06B5CA0078A872 /* Info.plist */ = {isa = PBXFileReference; lastKnownFileType = text.plist.xml; path = Info.plist; sourceTree = "<group>"; };
		B827B5BA1D06B5CA0078A872 /* CliCountdownViewUITests.xctest */ = {isa = PBXFileReference; explicitFileType = wrapper.cfbundle; includeInIndex = 0; path = CliCountdownViewUITests.xctest; sourceTree = BUILT_PRODUCTS_DIR; };
		B827B5BE1D06B5CA0078A872 /* CliCountdownViewUITests.m */ = {isa = PBXFileReference; lastKnownFileType = sourcecode.c.objc; path = CliCountdownViewUITests.m; sourceTree = "<group>"; };
		B827B5C01D06B5CA0078A872 /* Info.plist */ = {isa = PBXFileReference; lastKnownFileType = text.plist.xml; path = Info.plist; sourceTree = "<group>"; };
		B827B5CF1D06C1B90078A872 /* 1.png */ = {isa = PBXFileReference; lastKnownFileType = image.png; path = 1.png; sourceTree = "<group>"; };
		B827B5D11D06C73B0078A872 /* CliCountdownProgress.h */ = {isa = PBXFileReference; fileEncoding = 4; lastKnownFileType = sourcecode.c.h; path = CliCountdownProgress.h; sourceTree = "<group>"; };
		B827B5D21D06C73B0078A872 /* CliCountdownProgress.m */ = {isa = PBXFileReference; fileEncoding = 4; lastKnownFileType = sourcecode.c.objc; path = CliCountdownProgress.m; sourceTree = "<group>"; };
		B827B5DD1D07C2020078A872 /* CliLabel.h */ = {isa = PBXFileReference; fileEncoding = 4; lastKnownFileType = sourcecode.c.h; path = CliLabel.h; sourceTree = "<group>"; };
		B827B5DE1D07C2020078A872 /* CliLabel.m */ = {isa = PBXFileReference; fileEncoding = 4; lastKnownFileType = sourcecode.c.objc; path = CliLabel.m; sourceTree = "<group>"; };
/* End PBXFileReference section */

/* Begin PBXFrameworksBuildPhase section */
		B827B5931D06B5C90078A872 /* Frameworks */ = {
			isa = PBXFrameworksBuildPhase;
			buildActionMask = 2147483647;
			files = (
			);
			runOnlyForDeploymentPostprocessing = 0;
		};
		B827B5AC1D06B5CA0078A872 /* Frameworks */ = {
			isa = PBXFrameworksBuildPhase;
			buildActionMask = 2147483647;
			files = (
			);
			runOnlyForDeploymentPostprocessing = 0;
		};
		B827B5B71D06B5CA0078A872 /* Frameworks */ = {
			isa = PBXFrameworksBuildPhase;
			buildActionMask = 2147483647;
			files = (
			);
			runOnlyForDeploymentPostprocessing = 0;
		};
/* End PBXFrameworksBuildPhase section */

/* Begin PBXGroup section */
		B827B58D1D06B5C90078A872 = {
			isa = PBXGroup;
			children = (
				B80503761D0D07B900C392D0 /* CliPopView.h */,
				B80503771D0D07B900C392D0 /* CliPopView.m */,
				B827B5DD1D07C2020078A872 /* CliLabel.h */,
				B827B5DE1D07C2020078A872 /* CliLabel.m */,
				B827B5D11D06C73B0078A872 /* CliCountdownProgress.h */,
				B827B5D21D06C73B0078A872 /* CliCountdownProgress.m */,
				B827B5981D06B5CA0078A872 /* CliCountdownView */,
				B827B5B21D06B5CA0078A872 /* CliCountdownViewTests */,
				B827B5BD1D06B5CA0078A872 /* CliCountdownViewUITests */,
				B827B5971D06B5C90078A872 /* Products */,
			);
			sourceTree = "<group>";
		};
		B827B5971D06B5C90078A872 /* Products */ = {
			isa = PBXGroup;
			children = (
				B827B5961D06B5C90078A872 /* CliCountdownView.app */,
				B827B5AF1D06B5CA0078A872 /* CliCountdownViewTests.xctest */,
				B827B5BA1D06B5CA0078A872 /* CliCountdownViewUITests.xctest */,
			);
			name = Products;
			sourceTree = "<group>";
		};
		B827B5981D06B5CA0078A872 /* CliCountdownView */ = {
			isa = PBXGroup;
			children = (
				B827B5CF1D06C1B90078A872 /* 1.png */,
				B827B59C1D06B5CA0078A872 /* AppDelegate.h */,
				B827B59D1D06B5CA0078A872 /* AppDelegate.m */,
				B827B59F1D06B5CA0078A872 /* ViewController.h */,
				B827B5A01D06B5CA0078A872 /* ViewController.m */,
				B827B5A21D06B5CA0078A872 /* Main.storyboard */,
				B827B5A51D06B5CA0078A872 /* Assets.xcassets */,
				B827B5A71D06B5CA0078A872 /* LaunchScreen.storyboard */,
				B827B5AA1D06B5CA0078A872 /* Info.plist */,
				B827B5991D06B5CA0078A872 /* Supporting Files */,
			);
			path = CliCountdownView;
			sourceTree = "<group>";
		};
		B827B5991D06B5CA0078A872 /* Supporting Files */ = {
			isa = PBXGroup;
			children = (
				B827B59A1D06B5CA0078A872 /* main.m */,
			);
			name = "Supporting Files";
			sourceTree = "<group>";
		};
		B827B5B21D06B5CA0078A872 /* CliCountdownViewTests */ = {
			isa = PBXGroup;
			children = (
				B827B5B31D06B5CA0078A872 /* CliCountdownViewTests.m */,
				B827B5B51D06B5CA0078A872 /* Info.plist */,
			);
			path = CliCountdownViewTests;
			sourceTree = "<group>";
		};
		B827B5BD1D06B5CA0078A872 /* CliCountdownViewUITests */ = {
			isa = PBXGroup;
			children = (
				B827B5BE1D06B5CA0078A872 /* CliCountdownViewUITests.m */,
				B827B5C01D06B5CA0078A872 /* Info.plist */,
			);
			path = CliCountdownViewUITests;
			sourceTree = "<group>";
		};
/* End PBXGroup section */

/* Begin PBXNativeTarget section */
		B827B5951D06B5C90078A872 /* CliCountdownView */ = {
			isa = PBXNativeTarget;
			buildConfigurationList = B827B5C31D06B5CA0078A872 /* Build configuration list for PBXNativeTarget "CliCountdownView" */;
			buildPhases = (
				B827B5921D06B5C90078A872 /* Sources */,
				B827B5931D06B5C90078A872 /* Frameworks */,
				B827B5941D06B5C90078A872 /* Resources */,
			);
			buildRules = (
			);
			dependencies = (
			);
			name = CliCountdownView;
			productName = CliCountdownView;
			productReference = B827B5961D06B5C90078A872 /* CliCountdownView.app */;
			productType = "com.apple.product-type.application";
		};
		B827B5AE1D06B5CA0078A872 /* CliCountdownViewTests */ = {
			isa = PBXNativeTarget;
			buildConfigurationList = B827B5C61D06B5CA0078A872 /* Build configuration list for PBXNativeTarget "CliCountdownViewTests" */;
			buildPhases = (
				B827B5AB1D06B5CA0078A872 /* Sources */,
				B827B5AC1D06B5CA0078A872 /* Frameworks */,
				B827B5AD1D06B5CA0078A872 /* Resources */,
			);
			buildRules = (
			);
			dependencies = (
				B827B5B11D06B5CA0078A872 /* PBXTargetDependency */,
			);
			name = CliCountdownViewTests;
			productName = CliCountdownViewTests;
			productReference = B827B5AF1D06B5CA0078A872 /* CliCountdownViewTests.xctest */;
			productType = "com.apple.product-type.bundle.unit-test";
		};
		B827B5B91D06B5CA0078A872 /* CliCountdownViewUITests */ = {
			isa = PBXNativeTarget;
			buildConfigurationList = B827B5C91D06B5CA0078A872 /* Build configuration list for PBXNativeTarget "CliCountdownViewUITests" */;
			buildPhases = (
				B827B5B61D06B5CA0078A872 /* Sources */,
				B827B5B71D06B5CA0078A872 /* Frameworks */,
				B827B5B81D06B5CA0078A872 /* Resources */,
			);
			buildRules = (
			);
			dependencies = (
				B827B5BC1D06B5CA0078A872 /* PBXTargetDependency */,
			);
			name = CliCountdownViewUITests;
			productName = CliCountdownViewUITests;
			productReference = B827B5BA1D06B5CA0078A872 /* CliCountdownViewUITests.xctest */;
			productType = "com.apple.product-type.bundle.ui-testing";
		};
/* End PBXNativeTarget section */

/* Begin PBXProject section */
		B827B58E1D06B5C90078A872 /* Project object */ = {
			isa = PBXProject;
			attributes = {
				LastUpgradeCheck = 0730;
				ORGANIZATIONNAME = YU;
				TargetAttributes = {
					B827B5951D06B5C90078A872 = {
						CreatedOnToolsVersion = 7.3.1;
						DevelopmentTeam = T3DHS84C6C;
					};
					B827B5AE1D06B5CA0078A872 = {
						CreatedOnToolsVersion = 7.3.1;
						DevelopmentTeam = T3DHS84C6C;
						TestTargetID = B827B5951D06B5C90078A872;
					};
					B827B5B91D06B5CA0078A872 = {
						CreatedOnToolsVersion = 7.3.1;
						DevelopmentTeam = T3DHS84C6C;
						TestTargetID = B827B5951D06B5C90078A872;
					};
				};
			};
			buildConfigurationList = B827B5911D06B5C90078A872 /* Build configuration list for PBXProject "CliCountdownView" */;
			compatibilityVersion = "Xcode 3.2";
			developmentRegion = English;
			hasScannedForEncodings = 0;
			knownRegions = (
				en,
				Base,
			);
			mainGroup = B827B58D1D06B5C90078A872;
			productRefGroup = B827B5971D06B5C90078A872 /* Products */;
			projectDirPath = "";
			projectRoot = "";
			targets = (
				B827B5951D06B5C90078A872 /* CliCountdownView */,
				B827B5AE1D06B5CA0078A872 /* CliCountdownViewTests */,
				B827B5B91D06B5CA0078A872 /* CliCountdownViewUITests */,
			);
		};
/* End PBXProject section */

/* Begin PBXResourcesBuildPhase section */
		B827B5941D06B5C90078A872 /* Resources */ = {
			isa = PBXResourcesBuildPhase;
			buildActionMask = 2147483647;
			files = (
				B827B5D01D06C1B90078A872 /* 1.png in Resources */,
				B827B5A91D06B5CA0078A872 /* LaunchScreen.storyboard in Resources */,
				B827B5A61D06B5CA0078A872 /* Assets.xcassets in Resources */,
				B827B5A41D06B5CA0078A872 /* Main.storyboard in Resources */,
			);
			runOnlyForDeploymentPostprocessing = 0;
		};
		B827B5AD1D06B5CA0078A872 /* Resources */ = {
			isa = PBXResourcesBuildPhase;
			buildActionMask = 2147483647;
			files = (
			);
			runOnlyForDeploymentPostprocessing = 0;
		};
		B827B5B81D06B5CA0078A872 /* Resources */ = {
			isa = PBXResourcesBuildPhase;
			buildActionMask = 2147483647;
			files = (
			);
			runOnlyForDeploymentPostprocessing = 0;
		};
/* End PBXResourcesBuildPhase section */

/* Begin PBXSourcesBuildPhase section */
		B827B5921D06B5C90078A872 /* Sources */ = {
			isa = PBXSourcesBuildPhase;
			buildActionMask = 2147483647;
			files = (
				B827B5A11D06B5CA0078A872 /* ViewController.m in Sources */,
				B827B59E1D06B5CA0078A872 /* AppDelegate.m in Sources */,
				B827B5DF1D07C2020078A872 /* CliLabel.m in Sources */,
				B827B5D31D06C73B0078A872 /* CliCountdownProgress.m in Sources */,
				B827B59B1D06B5CA0078A872 /* main.m in Sources */,
				B80503781D0D07B900C392D0 /* CliPopView.m in Sources */,
			);
			runOnlyForDeploymentPostprocessing = 0;
		};
		B827B5AB1D06B5CA0078A872 /* Sources */ = {
			isa = PBXSourcesBuildPhase;
			buildActionMask = 2147483647;
			files = (
				B827B5B41D06B5CA0078A872 /* CliCountdownViewTests.m in Sources */,
			);
			runOnlyForDeploymentPostprocessing = 0;
		};
		B827B5B61D06B5CA0078A872 /* Sources */ = {
			isa = PBXSourcesBuildPhase;
			buildActionMask = 2147483647;
			files = (
				B827B5BF1D06B5CA0078A872 /* CliCountdownViewUITests.m in Sources */,
			);
			runOnlyForDeploymentPostprocessing = 0;
		};
/* End PBXSourcesBuildPhase section */

/* Begin PBXTargetDependency section */
		B827B5B11D06B5CA0078A872 /* PBXTargetDependency */ = {
			isa = PBXTargetDependency;
			target = B827B5951D06B5C90078A872 /* CliCountdownView */;
			targetProxy = B827B5B01D06B5CA0078A872 /* PBXContainerItemProxy */;
		};
		B827B5BC1D06B5CA0078A872 /* PBXTargetDependency */ = {
			isa = PBXTargetDependency;
			target = B827B5951D06B5C90078A872 /* CliCountdownView */;
			targetProxy = B827B5BB1D06B5CA0078A872 /* PBXContainerItemProxy */;
		};
/* End PBXTargetDependency section */

/* Begin PBXVariantGroup section */
		B827B5A21D06B5CA0078A872 /* Main.storyboard */ = {
			isa = PBXVariantGroup;
			children = (
				B827B5A31D06B5CA0078A872 /* Base */,
			);
			name = Main.storyboard;
			sourceTree = "<group>";
		};
		B827B5A71D06B5CA0078A872 /* LaunchScreen.storyboard */ = {
			isa = PBXVariantGroup;
			children = (
				B827B5A81D06B5CA0078A872 /* Base */,
			);
			name = LaunchScreen.storyboard;
			sourceTree = "<group>";
		};
/* End PBXVariantGroup section */

/* Begin XCBuildConfiguration section */
		B827B5C11D06B5CA0078A872 /* Debug */ = {
			isa = XCBuildConfiguration;
			buildSettings = {
				ALWAYS_SEARCH_USER_PATHS = NO;
				CLANG_ANALYZER_NONNULL = YES;
				CLANG_CXX_LANGUAGE_STANDARD = "gnu++0x";
				CLANG_CXX_LIBRARY = "libc++";
				CLANG_ENABLE_MODULES = YES;
				CLANG_ENABLE_OBJC_ARC = YES;
				CLANG_WARN_BOOL_CONVERSION = YES;
				CLANG_WARN_CONSTANT_CONVERSION = YES;
				CLANG_WARN_DIRECT_OBJC_ISA_USAGE = YES_ERROR;
				CLANG_WARN_EMPTY_BODY = YES;
				CLANG_WARN_ENUM_CONVERSION = YES;
				CLANG_WARN_INT_CONVERSION = YES;
				CLANG_WARN_OBJC_ROOT_CLASS = YES_ERROR;
				CLANG_WARN_UNREACHABLE_CODE = YES;
				CLANG_WARN__DUPLICATE_METHOD_MATCH = YES;
				"CODE_SIGN_IDENTITY[sdk=iphoneos*]" = "iPhone Developer";
				COPY_PHASE_STRIP = NO;
				DEBUG_INFORMATION_FORMAT = dwarf;
				ENABLE_STRICT_OBJC_MSGSEND = YES;
				ENABLE_TESTABILITY = YES;
				GCC_C_LANGUAGE_STANDARD = gnu99;
				GCC_DYNAMIC_NO_PIC = NO;
				GCC_NO_COMMON_BLOCKS = YES;
				GCC_OPTIMIZATION_LEVEL = 0;
				GCC_PREPROCESSOR_DEFINITIONS = (
					"DEBUG=1",
					"$(inherited)",
				);
				GCC_WARN_64_TO_32_BIT_CONVERSION = YES;
				GCC_WARN_ABOUT_RETURN_TYPE = YES_ERROR;
				GCC_WARN_UNDECLARED_SELECTOR = YES;
				GCC_WARN_UNINITIALIZED_AUTOS = YES_AGGRESSIVE;
				GCC_WARN_UNUSED_FUNCTION = YES;
				GCC_WARN_UNUSED_VARIABLE = YES;
				IPHONEOS_DEPLOYMENT_TARGET = 9.3;
				MTL_ENABLE_DEBUG_INFO = YES;
				ONLY_ACTIVE_ARCH = YES;
				SDKROOT = iphoneos;
				TARGETED_DEVICE_FAMILY = "1,2";
			};
			name = Debug;
		};
		B827B5C21D06B5CA0078A872 /* Release */ = {
			isa = XCBuildConfiguration;
			buildSettings = {
				ALWAYS_SEARCH_USER_PATHS = NO;
				CLANG_ANALYZER_NONNULL = YES;
				CLANG_CXX_LANGUAGE_STANDARD = "gnu++0x";
				CLANG_CXX_LIBRARY = "libc++";
				CLANG_ENABLE_MODULES = YES;
				CLANG_ENABLE_OBJC_ARC = YES;
				CLANG_WARN_BOOL_CONVERSION = YES;
				CLANG_WARN_CONSTANT_CONVERSION = YES;
				CLANG_WARN_DIRECT_OBJC_ISA_USAGE = YES_ERROR;
				CLANG_WARN_EMPTY_BODY = YES;
				CLANG_WARN_ENUM_CONVERSION = YES;
				CLANG_WARN_INT_CONVERSION = YES;
				CLANG_WARN_OBJC_ROOT_CLASS = YES_ERROR;
				CLANG_WARN_UNREACHABLE_CODE = YES;
				CLANG_WARN__DUPLICATE_METHOD_MATCH = YES;
				"CODE_SIGN_IDENTITY[sdk=iphoneos*]" = "iPhone Developer";
				COPY_PHASE_STRIP = NO;
				DEBUG_INFORMATION_FORMAT = "dwarf-with-dsym";
				ENABLE_NS_ASSERTIONS = NO;
				ENABLE_STRICT_OBJC_MSGSEND = YES;
				GCC_C_LANGUAGE_STANDARD = gnu99;
				GCC_NO_COMMON_BLOCKS = YES;
				GCC_WARN_64_TO_32_BIT_CONVERSION = YES;
				GCC_WARN_ABOUT_RETURN_TYPE = YES_ERROR;
				GCC_WARN_UNDECLARED_SELECTOR = YES;
				GCC_WARN_UNINITIALIZED_AUTOS = YES_AGGRESSIVE;
				GCC_WARN_UNUSED_FUNCTION = YES;
				GCC_WARN_UNUSED_VARIABLE = YES;
				IPHONEOS_DEPLOYMENT_TARGET = 9.3;
				MTL_ENABLE_DEBUG_INFO = NO;
				SDKROOT = iphoneos;
				TARGETED_DEVICE_FAMILY = "1,2";
				VALIDATE_PRODUCT = YES;
			};
			name = Release;
		};
		B827B5C41D06B5CA0078A872 /* Debug */ = {
			isa = XCBuildConfiguration;
			buildSettings = {
				ASSETCATALOG_COMPILER_APPICON_NAME = AppIcon;
				INFOPLIST_FILE = CliCountdownView/Info.plist;
				LD_RUNPATH_SEARCH_PATHS = "$(inherited) @executable_path/Frameworks";
				PRODUCT_BUNDLE_IDENTIFIER = com.YHQ.CliCountdownView;
				PRODUCT_NAME = "$(TARGET_NAME)";
			};
			name = Debug;
		};
		B827B5C51D06B5CA0078A872 /* Release */ = {
			isa = XCBuildConfiguration;
			buildSettings = {
				ASSETCATALOG_COMPILER_APPICON_NAME = AppIcon;
				INFOPLIST_FILE = CliCountdownView/Info.plist;
				LD_RUNPATH_SEARCH_PATHS = "$(inherited) @executable_path/Frameworks";
				PRODUCT_BUNDLE_IDENTIFIER = com.YHQ.CliCountdownView;
				PRODUCT_NAME = "$(TARGET_NAME)";
			};
			name = Release;
		};
		B827B5C71D06B5CA0078A872 /* Debug */ = {
			isa = XCBuildConfiguration;
			buildSettings = {
				BUNDLE_LOADER = "$(TEST_HOST)";
				INFOPLIST_FILE = CliCountdownViewTests/Info.plist;
				LD_RUNPATH_SEARCH_PATHS = "$(inherited) @executable_path/Frameworks @loader_path/Frameworks";
				PRODUCT_BUNDLE_IDENTIFIER = com.YHQ.CliCountdownViewTests;
				PRODUCT_NAME = "$(TARGET_NAME)";
				TEST_HOST = "$(BUILT_PRODUCTS_DIR)/CliCountdownView.app/CliCountdownView";
			};
			name = Debug;
		};
		B827B5C81D06B5CA0078A872 /* Release */ = {
			isa = XCBuildConfiguration;
			buildSettings = {
				BUNDLE_LOADER = "$(TEST_HOST)";
				INFOPLIST_FILE = CliCountdownViewTests/Info.plist;
				LD_RUNPATH_SEARCH_PATHS = "$(inherited) @executable_path/Frameworks @loader_path/Frameworks";
				PRODUCT_BUNDLE_IDENTIFIER = com.YHQ.CliCountdownViewTests;
				PRODUCT_NAME = "$(TARGET_NAME)";
				TEST_HOST = "$(BUILT_PRODUCTS_DIR)/CliCountdownView.app/CliCountdownView";
			};
			name = Release;
		};
		B827B5CA1D06B5CA0078A872 /* Debug */ = {
			isa = XCBuildConfiguration;
			buildSettings = {
				INFOPLIST_FILE = CliCountdownViewUITests/Info.plist;
				LD_RUNPATH_SEARCH_PATHS = "$(inherited) @executable_path/Frameworks @loader_path/Frameworks";
				PRODUCT_BUNDLE_IDENTIFIER = com.YHQ.CliCountdownViewUITests;
				PRODUCT_NAME = "$(TARGET_NAME)";
				TEST_TARGET_NAME = CliCountdownView;
			};
			name = Debug;
		};
		B827B5CB1D06B5CA0078A872 /* Release */ = {
			isa = XCBuildConfiguration;
			buildSettings = {
				INFOPLIST_FILE = CliCountdownViewUITests/Info.plist;
				LD_RUNPATH_SEARCH_PATHS = "$(inherited) @executable_path/Frameworks @loader_path/Frameworks";
				PRODUCT_BUNDLE_IDENTIFIER = com.YHQ.CliCountdownViewUITests;
				PRODUCT_NAME = "$(TARGET_NAME)";
				TEST_TARGET_NAME = CliCountdownView;
			};
			name = Release;
		};
/* End XCBuildConfiguration section */

/* Begin XCConfigurationList section */
		B827B5911D06B5C90078A872 /* Build configuration list for PBXProject "CliCountdownView" */ = {
			isa = XCConfigurationList;
			buildConfigurations = (
				B827B5C11D06B5CA0078A872 /* Debug */,
				B827B5C21D06B5CA0078A872 /* Release */,
			);
			defaultConfigurationIsVisible = 0;
			defaultConfigurationName = Release;
		};
		B827B5C31D06B5CA0078A872 /* Build configuration list for PBXNativeTarget "CliCountdownView" */ = {
			isa = XCConfigurationList;
			buildConfigurations = (
				B827B5C41D06B5CA0078A872 /* Debug */,
				B827B5C51D06B5CA0078A872 /* Release */,
			);
			defaultConfigurationIsVisible = 0;
			defaultConfigurationName = Release;
		};
		B827B5C61D06B5CA0078A872 /* Build configuration list for PBXNativeTarget "CliCountdownViewTests" */ = {
			isa = XCConfigurationList;
			buildConfigurations = (
				B827B5C71D06B5CA0078A872 /* Debug */,
				B827B5C81D06B5CA0078A872 /* Release */,
			);
			defaultConfigurationIsVisible = 0;
			defaultConfigurationName = Release;
		};
		B827B5C91D06B5CA0078A872 /* Build configuration list for PBXNativeTarget "CliCountdownViewUITests" */ = {
			isa = XCConfigurationList;
			buildConfigurations = (
				B827B5CA1D06B5CA0078A872 /* Debug */,
				B827B5CB1D06B5CA0078A872 /* Release */,
			);
			defaultConfigurationIsVisible = 0;
			defaultConfigurationName = Release;
		};
/* End XCConfigurationList section */
	};
	rootObject = B827B58E1D06B5C90078A872 /* Project object */;
}
